
Microsoft Visual Studio Solution File, Format Version 12.00
# Visual Studio Version 17
VisualStudioVersion = 17.0.31903.59
MinimumVisualStudioVersion = 10.0.40219.1
Project("{2150E333-8FDC-42A3-9474-1A3956D46DE8}") = "src", "src", "{827E0CD3-B72D-47B6-A68D-7590B98EB39B}"
EndProject
Project("{FAE04EC0-301F-11D3-BF4B-00C04F79EFBC}") = "Reckonry.Cli", "src\Reckonry.Cli\Reckonry.Cli.csproj", "{D7E6D74E-7AF8-4783-940B-DD4A69D80601}"
EndProject
Project("{FAE04EC0-301F-11D3-BF4B-00C04F79EFBC}") = "Reckonry.Core", "src\Reckonry.Core\Reckonry.Core.csproj", "{BEE7B405-2514-4D6C-B6E4-D9D5B543CC55}"
EndProject
Project("{2150E333-8FDC-42A3-9474-1A3956D46DE8}") = "tests", "tests", "{0AB3BF05-4346-4AA6-1389-037BE0695223}"
EndProject
Project("{FAE04EC0-301F-11D3-BF4B-00C04F79EFBC}") = "Reckonry.Tests", "tests\Reckonry.Tests\Reckonry.Tests.csproj", "{0EBD3998-5E84-481F-AAC0-597E37908B8E}"
EndProject
Project("{FAE04EC0-301F-11D3-BF4B-00C04F79EFBC}") = "Reckonry.Importers.Binance", "src\Reckonry.Importers.Binance\Reckonry.Importers.Binance.csproj", "{E24757F5-B75D-4E42-9960-4888F69FC0E3}"
EndProject
Project("{FAE04EC0-301F-11D3-BF4B-00C04F79EFBC}") = "Reckonry.Reports", "src\Reckonry.Reports\Reckonry.Reports.csproj", "{C24867AC-28E4-4042-8582-67E9F25BFC20}"
EndProject
Project("{FAE04EC0-301F-11D3-BF4B-00C04F79EFBC}") = "Reckonry.Tax.Abstractions", "src\Reckonry.Tax.Abstractions\Reckonry.Tax.Abstractions.csproj", "{78515498-B09F-4D83-A23C-4C521C6894C3}"
EndProject
Project("{FAE04EC0-301F-11D3-BF4B-00C04F79EFBC}") = "Reckonry.Importers.Abstractions", "src\Reckonry.Importers.Abstractions\Reckonry.Importers.Abstractions.csproj", "{B57A990C-C45C-4D90-A933-FB2BF47F1F23}"
EndProject
Project("{FAE04EC0-301F-11D3-BF4B-00C04F79EFBC}") = "Reckonry.Tax.Italy", "src\Reckonry.Tax.Italy\Reckonry.Tax.Italy.csproj", "{F078568E-3406-469E-A4DA-D25F236254C2}"
EndProject
Project("{FAE04EC0-301F-11D3-BF4B-00C04F79EFBC}") = "Reckonry.Pricing.Abstractions", "src\Reckonry.Pricing.Abstractions\Reckonry.Pricing.Abstractions.csproj", "{43C928F4-F84D-46C7-8E18-DD3280AD8690}"
EndProject
Project("{FAE04EC0-301F-11D3-BF4B-00C04F79EFBC}") = "Reckonry.Storage", "src\Reckonry.Storage\Reckonry.Storage.csproj", "{2FE3C3FD-11F5-43BC-95C8-7D8D5A148296}"
EndProject
Project("{FAE04EC0-301F-11D3-BF4B-00C04F79EFBC}") = "Reckonry.Audit", "src\Reckonry.Audit\Reckonry.Audit.csproj", "{D73B6700-7A85-4A95-BC2B-8638630E2413}"
EndProject
Project("{FAE04EC0-301F-11D3-BF4B-00C04F79EFBC}") = "Reckonry.Importers.Coinbase", "src\Reckonry.Importers.Coinbase\Reckonry.Importers.Coinbase.csproj", "{CB8243CF-A930-4B58-8793-AEA33B9E817E}"
EndProject
Project("{FAE04EC0-301F-11D3-BF4B-00C04F79EFBC}") = "Reckonry.Importers.Kraken", "src\Reckonry.Importers.Kraken\Reckonry.Importers.Kraken.csproj", "{C276B9F6-2CE5-4E84-B90D-87BBE3D01066}"
EndProject
Project("{FAE04EC0-301F-11D3-BF4B-00C04F79EFBC}") = "Reckonry.Importers.Revolut", "src\Reckonry.Importers.Revolut\Reckonry.Importers.Revolut.csproj", "{5F795B29-8946-42DA-866D-1E94B7DAF8E3}"
EndProject
Project("{FAE04EC0-301F-11D3-BF4B-00C04F79EFBC}") = "Reckonry.Importers.CryptoCom", "src\Reckonry.Importers.CryptoCom\Reckonry.Importers.CryptoCom.csproj", "{657119E7-47A5-4DC4-B77B-EE63B3C64511}"
EndProject
Project("{FAE04EC0-301F-11D3-BF4B-00C04F79EFBC}") = "Reckonry.Importers.Bitstamp", "src\Reckonry.Importers.Bitstamp\Reckonry.Importers.Bitstamp.csproj", "{C913E5ED-C108-4D74-A62C-42F7CC9FCD6D}"
EndProject
Project("{2150E333-8FDC-42A3-9474-1A3956D46DE8}") = "benchmarks", "benchmarks", "{66320409-64EC-F7C5-3DEF-65E7510DAAD1}"
EndProject
Project("{FAE04EC0-301F-11D3-BF4B-00C04F79EFBC}") = "Reckonry.Benchmarks", "benchmarks\Reckonry.Benchmarks\Reckonry.Benchmarks.csproj", "{CA964629-F20A-4AD5-95D4-B52DA88244F5}"
EndProject
Project("{FAE04EC0-301F-11D3-BF4B-00C04F79EFBC}") = "Reckonry.Api", "src\Reckonry.Api\Reckonry.Api.csproj", "{335242D6-986C-480A-803A-BBD7FE76E31E}"
EndProject
Project("{FAE04EC0-301F-11D3-BF4B-00C04F79EFBC}") = "Reckonry.Reconciliation.Abstractions", "src\Reckonry.Reconciliation.Abstractions\Reckonry.Reconciliation.Abstractions.csproj", "{A76309D4-CA81-4963-8B09-1B5B695E2643}"
EndProject
Project("{FAE04EC0-301F-11D3-BF4B-00C04F79EFBC}") = "Reckonry.Reconciliation.Binance.Italy", "src\Reckonry.Reconciliation.Binance.Italy\Reckonry.Reconciliation.Binance.Italy.csproj", "{30443C4A-C766-48A4-9C7A-19CA89AB3CC9}"
EndProject
Project("{FAE04EC0-301F-11D3-BF4B-00C04F79EFBC}") = "Reckonry.Plugins", "src\Reckonry.Plugins\Reckonry.Plugins.csproj", "{F6244FFF-F4C7-4CDC-BB37-B3E18706189F}"
EndProject
Project("{FAE04EC0-301F-11D3-BF4B-00C04F79EFBC}") = "Reckonry.Reconciliation.Coinbase", "src\Reckonry.Reconciliation.Coinbase\Reckonry.Reconciliation.Coinbase.csproj", "{4C6A1979-08CB-49B4-9CCF-11BC1A082672}"
EndProject
Global
	GlobalSection(SolutionConfigurationPlatforms) = preSolution
		Debug|Any CPU = Debug|Any CPU
		Debug|x64 = Debug|x64
		Debug|x86 = Debug|x86
		Release|Any CPU = Release|Any CPU
		Release|x64 = Release|x64
		Release|x86 = Release|x86
	EndGlobalSection
	GlobalSection(ProjectConfigurationPlatforms) = postSolution
		{D7E6D74E-7AF8-4783-940B-DD4A69D80601}.Debug|Any CPU.ActiveCfg = Debug|Any CPU
		{D7E6D74E-7AF8-4783-940B-DD4A69D80601}.Debug|Any CPU.Build.0 = Debug|Any CPU
		{D7E6D74E-7AF8-4783-940B-DD4A69D80601}.Debug|x64.ActiveCfg = Debug|Any CPU
		{D7E6D74E-7AF8-4783-940B-DD4A69D80601}.Debug|x64.Build.0 = Debug|Any CPU
		{D7E6D74E-7AF8-4783-940B-DD4A69D80601}.Debug|x86.ActiveCfg = Debug|Any CPU
		{D7E6D74E-7AF8-4783-940B-DD4A69D80601}.Debug|x86.Build.0 = Debug|Any CPU
		{D7E6D74E-7AF8-4783-940B-DD4A69D80601}.Release|Any CPU.ActiveCfg = Release|Any CPU
		{D7E6D74E-7AF8-4783-940B-DD4A69D80601}.Release|Any CPU.Build.0 = Release|Any CPU
		{D7E6D74E-7AF8-4783-940B-DD4A69D80601}.Release|x64.ActiveCfg = Release|Any CPU
		{D7E6D74E-7AF8-4783-940B-DD4A69D80601}.Release|x64.Build.0 = Release|Any CPU
		{D7E6D74E-7AF8-4783-940B-DD4A69D80601}.Release|x86.ActiveCfg = Release|Any CPU
		{D7E6D74E-7AF8-4783-940B-DD4A69D80601}.Release|x86.Build.0 = Release|Any CPU
		{BEE7B405-2514-4D6C-B6E4-D9D5B543CC55}.Debug|Any CPU.ActiveCfg = Debug|Any CPU
		{BEE7B405-2514-4D6C-B6E4-D9D5B543CC55}.Debug|Any CPU.Build.0 = Debug|Any CPU
		{BEE7B405-2514-4D6C-B6E4-D9D5B543CC55}.Debug|x64.ActiveCfg = Debug|Any CPU
		{BEE7B405-2514-4D6C-B6E4-D9D5B543CC55}.Debug|x64.Build.0 = Debug|Any CPU
		{BEE7B405-2514-4D6C-B6E4-D9D5B543CC55}.Debug|x86.ActiveCfg = Debug|Any CPU
		{BEE7B405-2514-4D6C-B6E4-D9D5B543CC55}.Debug|x86.Build.0 = Debug|Any CPU
		{BEE7B405-2514-4D6C-B6E4-D9D5B543CC55}.Release|Any CPU.ActiveCfg = Release|Any CPU
		{BEE7B405-2514-4D6C-B6E4-D9D5B543CC55}.Release|Any CPU.Build.0 = Release|Any CPU
		{BEE7B405-2514-4D6C-B6E4-D9D5B543CC55}.Release|x64.ActiveCfg = Release|Any CPU
		{BEE7B405-2514-4D6C-B6E4-D9D5B543CC55}.Release|x64.Build.0 = Release|Any CPU
		{BEE7B405-2514-4D6C-B6E4-D9D5B543CC55}.Release|x86.ActiveCfg = Release|Any CPU
		{BEE7B405-2514-4D6C-B6E4-D9D5B543CC55}.Release|x86.Build.0 = Release|Any CPU
		{0EBD3998-5E84-481F-AAC0-597E37908B8E}.Debug|Any CPU.ActiveCfg = Debug|Any CPU
		{0EBD3998-5E84-481F-AAC0-597E37908B8E}.Debug|Any CPU.Build.0 = Debug|Any CPU
		{0EBD3998-5E84-481F-AAC0-597E37908B8E}.Debug|x64.ActiveCfg = Debug|Any CPU
		{0EBD3998-5E84-481F-AAC0-597E37908B8E}.Debug|x64.Build.0 = Debug|Any CPU
		{0EBD3998-5E84-481F-AAC0-597E37908B8E}.Debug|x86.ActiveCfg = Debug|Any CPU
		{0EBD3998-5E84-481F-AAC0-597E37908B8E}.Debug|x86.Build.0 = Debug|Any CPU
		{0EBD3998-5E84-481F-AAC0-597E37908B8E}.Release|Any CPU.ActiveCfg = Release|Any CPU
		{0EBD3998-5E84-481F-AAC0-597E37908B8E}.Release|Any CPU.Build.0 = Release|Any CPU
		{0EBD3998-5E84-481F-AAC0-597E37908B8E}.Release|x64.ActiveCfg = Release|Any CPU
		{0EBD3998-5E84-481F-AAC0-597E37908B8E}.Release|x64.Build.0 = Release|Any CPU
		{0EBD3998-5E84-481F-AAC0-597E37908B8E}.Release|x86.ActiveCfg = Release|Any CPU
		{0EBD3998-5E84-481F-AAC0-597E37908B8E}.Release|x86.Build.0 = Release|Any CPU
		{E24757F5-B75D-4E42-9960-4888F69FC0E3}.Debug|Any CPU.ActiveCfg = Debug|Any CPU
		{E24757F5-B75D-4E42-9960-4888F69FC0E3}.Debug|Any CPU.Build.0 = Debug|Any CPU
		{E24757F5-B75D-4E42-9960-4888F69FC0E3}.Debug|x64.ActiveCfg = Debug|Any CPU
		{E24757F5-B75D-4E42-9960-4888F69FC0E3}.Debug|x64.Build.0 = Debug|Any CPU
		{E24757F5-B75D-4E42-9960-4888F69FC0E3}.Debug|x86.ActiveCfg = Debug|Any CPU
		{E24757F5-B75D-4E42-9960-4888F69FC0E3}.Debug|x86.Build.0 = Debug|Any CPU
		{E24757F5-B75D-4E42-9960-4888F69FC0E3}.Release|Any CPU.ActiveCfg = Release|Any CPU
		{E24757F5-B75D-4E42-9960-4888F69FC0E3}.Release|Any CPU.Build.0 = Release|Any CPU
		{E24757F5-B75D-4E42-9960-4888F69FC0E3}.Release|x64.ActiveCfg = Release|Any CPU
		{E24757F5-B75D-4E42-9960-4888F69FC0E3}.Release|x64.Build.0 = Release|Any CPU
		{E24757F5-B75D-4E42-9960-4888F69FC0E3}.Release|x86.ActiveCfg = Release|Any CPU
		{E24757F5-B75D-4E42-9960-4888F69FC0E3}.Release|x86.Build.0 = Release|Any CPU
		{C24867AC-28E4-4042-8582-67E9F25BFC20}.Debug|Any CPU.ActiveCfg = Debug|Any CPU
		{C24867AC-28E4-4042-8582-67E9F25BFC20}.Debug|Any CPU.Build.0 = Debug|Any CPU
		{C24867AC-28E4-4042-8582-67E9F25BFC20}.Debug|x64.ActiveCfg = Debug|Any CPU
		{C24867AC-28E4-4042-8582-67E9F25BFC20}.Debug|x64.Build.0 = Debug|Any CPU
		{C24867AC-28E4-4042-8582-67E9F25BFC20}.Debug|x86.ActiveCfg = Debug|Any CPU
		{C24867AC-28E4-4042-8582-67E9F25BFC20}.Debug|x86.Build.0 = Debug|Any CPU
		{C24867AC-28E4-4042-8582-67E9F25BFC20}.Release|Any CPU.ActiveCfg = Release|Any CPU
		{C24867AC-28E4-4042-8582-67E9F25BFC20}.Release|Any CPU.Build.0 = Release|Any CPU
		{C24867AC-28E4-4042-8582-67E9F25BFC20}.Release|x64.ActiveCfg = Release|Any CPU
		{C24867AC-28E4-4042-8582-67E9F25BFC20}.Release|x64.Build.0 = Release|Any CPU
		{C24867AC-28E4-4042-8582-67E9F25BFC20}.Release|x86.ActiveCfg = Release|Any CPU
		{C24867AC-28E4-4042-8582-67E9F25BFC20}.Release|x86.Build.0 = Release|Any CPU
		{78515498-B09F-4D83-A23C-4C521C6894C3}.Debug|Any CPU.ActiveCfg = Debug|Any CPU
		{78515498-B09F-4D83-A23C-4C521C6894C3}.Debug|Any CPU.Build.0 = Debug|Any CPU
		{78515498-B09F-4D83-A23C-4C521C6894C3}.Debug|x64.ActiveCfg = Debug|Any CPU
		{78515498-B09F-4D83-A23C-4C521C6894C3}.Debug|x64.Build.0 = Debug|Any CPU
		{78515498-B09F-4D83-A23C-4C521C6894C3}.Debug|x86.ActiveCfg = Debug|Any CPU
		{78515498-B09F-4D83-A23C-4C521C6894C3}.Debug|x86.Build.0 = Debug|Any CPU
		{78515498-B09F-4D83-A23C-4C521C6894C3}.Release|Any CPU.ActiveCfg = Release|Any CPU
		{78515498-B09F-4D83-A23C-4C521C6894C3}.Release|Any CPU.Build.0 = Release|Any CPU
		{78515498-B09F-4D83-A23C-4C521C6894C3}.Release|x64.ActiveCfg = Release|Any CPU
		{78515498-B09F-4D83-A23C-4C521C6894C3}.Release|x64.Build.0 = Release|Any CPU
		{78515498-B09F-4D83-A23C-4C521C6894C3}.Release|x86.ActiveCfg = Release|Any CPU
		{78515498-B09F-4D83-A23C-4C521C6894C3}.Release|x86.Build.0 = Release|Any CPU
		{B57A990C-C45C-4D90-A933-FB2BF47F1F23}.Debug|Any CPU.ActiveCfg = Debug|Any CPU
		{B57A990C-C45C-4D90-A933-FB2BF47F1F23}.Debug|Any CPU.Build.0 = Debug|Any CPU
		{B57A990C-C45C-4D90-A933-FB2BF47F1F23}.Debug|x64.ActiveCfg = Debug|Any CPU
		{B57A990C-C45C-4D90-A933-FB2BF47F1F23}.Debug|x64.Build.0 = Debug|Any CPU
		{B57A990C-C45C-4D90-A933-FB2BF47F1F23}.Debug|x86.ActiveCfg = Debug|Any CPU
		{B57A990C-C45C-4D90-A933-FB2BF47F1F23}.Debug|x86.Build.0 = Debug|Any CPU
		{B57A990C-C45C-4D90-A933-FB2BF47F1F23}.Release|Any CPU.ActiveCfg = Release|Any CPU
		{B57A990C-C45C-4D90-A933-FB2BF47F1F23}.Release|Any CPU.Build.0 = Release|Any CPU
		{B57A990C-C45C-4D90-A933-FB2BF47F1F23}.Release|x64.ActiveCfg = Release|Any CPU
		{B57A990C-C45C-4D90-A933-FB2BF47F1F23}.Release|x64.Build.0 = Release|Any CPU
		{B57A990C-C45C-4D90-A933-FB2BF47F1F23}.Release|x86.ActiveCfg = Release|Any CPU
		{B57A990C-C45C-4D90-A933-FB2BF47F1F23}.Release|x86.Build.0 = Release|Any CPU
		{F078568E-3406-469E-A4DA-D25F236254C2}.Debug|Any CPU.ActiveCfg = Debug|Any CPU
		{F078568E-3406-469E-A4DA-D25F236254C2}.Debug|Any CPU.Build.0 = Debug|Any CPU
		{F078568E-3406-469E-A4DA-D25F236254C2}.Debug|x64.ActiveCfg = Debug|Any CPU
		{F078568E-3406-469E-A4DA-D25F236254C2}.Debug|x64.Build.0 = Debug|Any CPU
		{F078568E-3406-469E-A4DA-D25F236254C2}.Debug|x86.ActiveCfg = Debug|Any CPU
		{F078568E-3406-469E-A4DA-D25F236254C2}.Debug|x86.Build.0 = Debug|Any CPU
		{F078568E-3406-469E-A4DA-D25F236254C2}.Release|Any CPU.ActiveCfg = Release|Any CPU
		{F078568E-3406-469E-A4DA-D25F236254C2}.Release|Any CPU.Build.0 = Release|Any CPU
		{F078568E-3406-469E-A4DA-D25F236254C2}.Release|x64.ActiveCfg = Release|Any CPU
		{F078568E-3406-469E-A4DA-D25F236254C2}.Release|x64.Build.0 = Release|Any CPU
		{F078568E-3406-469E-A4DA-D25F236254C2}.Release|x86.ActiveCfg = Release|Any CPU
		{F078568E-3406-469E-A4DA-D25F236254C2}.Release|x86.Build.0 = Release|Any CPU
		{43C928F4-F84D-46C7-8E18-DD3280AD8690}.Debug|Any CPU.ActiveCfg = Debug|Any CPU
		{43C928F4-F84D-46C7-8E18-DD3280AD8690}.Debug|Any CPU.Build.0 = Debug|Any CPU
		{43C928F4-F84D-46C7-8E18-DD3280AD8690}.Debug|x64.ActiveCfg = Debug|Any CPU
		{43C928F4-F84D-46C7-8E18-DD3280AD8690}.Debug|x64.Build.0 = Debug|Any CPU
		{43C928F4-F84D-46C7-8E18-DD3280AD8690}.Debug|x86.ActiveCfg = Debug|Any CPU
		{43C928F4-F84D-46C7-8E18-DD3280AD8690}.Debug|x86.Build.0 = Debug|Any CPU
		{43C928F4-F84D-46C7-8E18-DD3280AD8690}.Release|Any CPU.ActiveCfg = Release|Any CPU
		{43C928F4-F84D-46C7-8E18-DD3280AD8690}.Release|Any CPU.Build.0 = Release|Any CPU
		{43C928F4-F84D-46C7-8E18-DD3280AD8690}.Release|x64.ActiveCfg = Release|Any CPU
		{43C928F4-F84D-46C7-8E18-DD3280AD8690}.Release|x64.Build.0 = Release|Any CPU
		{43C928F4-F84D-46C7-8E18-DD3280AD8690}.Release|x86.ActiveCfg = Release|Any CPU
		{43C928F4-F84D-46C7-8E18-DD3280AD8690}.Release|x86.Build.0 = Release|Any CPU
		{2FE3C3FD-11F5-43BC-95C8-7D8D5A148296}.Debug|Any CPU.ActiveCfg = Debug|Any CPU
		{2FE3C3FD-11F5-43BC-95C8-7D8D5A148296}.Debug|Any CPU.Build.0 = Debug|Any CPU
		{2FE3C3FD-11F5-43BC-95C8-7D8D5A148296}.Debug|x64.ActiveCfg = Debug|Any CPU
		{2FE3C3FD-11F5-43BC-95C8-7D8D5A148296}.Debug|x64.Build.0 = Debug|Any CPU
		{2FE3C3FD-11F5-43BC-95C8-7D8D5A148296}.Debug|x86.ActiveCfg = Debug|Any CPU
		{2FE3C3FD-11F5-43BC-95C8-7D8D5A148296}.Debug|x86.Build.0 = Debug|Any CPU
		{2FE3C3FD-11F5-43BC-95C8-7D8D5A148296}.Release|Any CPU.ActiveCfg = Release|Any CPU
		{2FE3C3FD-11F5-43BC-95C8-7D8D5A148296}.Release|Any CPU.Build.0 = Release|Any CPU
		{2FE3C3FD-11F5-43BC-95C8-7D8D5A148296}.Release|x64.ActiveCfg = Release|Any CPU
		{2FE3C3FD-11F5-43BC-95C8-7D8D5A148296}.Release|x64.Build.0 = Release|Any CPU
		{2FE3C3FD-11F5-43BC-95C8-7D8D5A148296}.Release|x86.ActiveCfg = Release|Any CPU
		{2FE3C3FD-11F5-43BC-95C8-7D8D5A148296}.Release|x86.Build.0 = Release|Any CPU
		{D73B6700-7A85-4A95-BC2B-8638630E2413}.Debug|Any CPU.ActiveCfg = Debug|Any CPU
		{D73B6700-7A85-4A95-BC2B-8638630E2413}.Debug|Any CPU.Build.0 = Debug|Any CPU
		{D73B6700-7A85-4A95-BC2B-8638630E2413}.Debug|x64.ActiveCfg = Debug|Any CPU
		{D73B6700-7A85-4A95-BC2B-8638630E2413}.Debug|x64.Build.0 = Debug|Any CPU
		{D73B6700-7A85-4A95-BC2B-8638630E2413}.Debug|x86.ActiveCfg = Debug|Any CPU
		{D73B6700-7A85-4A95-BC2B-8638630E2413}.Debug|x86.Build.0 = Debug|Any CPU
		{D73B6700-7A85-4A95-BC2B-8638630E2413}.Release|Any CPU.ActiveCfg = Release|Any CPU
		{D73B6700-7A85-4A95-BC2B-8638630E2413}.Release|Any CPU.Build.0 = Release|Any CPU
		{D73B6700-7A85-4A95-BC2B-8638630E2413}.Release|x64.ActiveCfg = Release|Any CPU
		{D73B6700-7A85-4A95-BC2B-8638630E2413}.Release|x64.Build.0 = Release|Any CPU
		{D73B6700-7A85-4A95-BC2B-8638630E2413}.Release|x86.ActiveCfg = Release|Any CPU
		{D73B6700-7A85-4A95-BC2B-8638630E2413}.Release|x86.Build.0 = Release|Any CPU
		{CB8243CF-A930-4B58-8793-AEA33B9E817E}.Debug|Any CPU.ActiveCfg = Debug|Any CPU
		{CB8243CF-A930-4B58-8793-AEA33B9E817E}.Debug|Any CPU.Build.0 = Debug|Any CPU
		{CB8243CF-A930-4B58-8793-AEA33B9E817E}.Debug|x64.ActiveCfg = Debug|Any CPU
		{CB8243CF-A930-4B58-8793-AEA33B9E817E}.Debug|x64.Build.0 = Debug|Any CPU
		{CB8243CF-A930-4B58-8793-AEA33B9E817E}.Debug|x86.ActiveCfg = Debug|Any CPU
		{CB8243CF-A930-4B58-8793-AEA33B9E817E}.Debug|x86.Build.0 = Debug|Any CPU
		{CB8243CF-A930-4B58-8793-AEA33B9E817E}.Release|Any CPU.ActiveCfg = Release|Any CPU
		{CB8243CF-A930-4B58-8793-AEA33B9E817E}.Release|Any CPU.Build.0 = Release|Any CPU
		{CB8243CF-A930-4B58-8793-AEA33B9E817E}.Release|x64.ActiveCfg = Release|Any CPU
		{CB8243CF-A930-4B58-8793-AEA33B9E817E}.Release|x64.Build.0 = Release|Any CPU
		{CB8243CF-A930-4B58-8793-AEA33B9E817E}.Release|x86.ActiveCfg = Release|Any CPU
		{CB8243CF-A930-4B58-8793-AEA33B9E817E}.Release|x86.Build.0 = Release|Any CPU
		{C276B9F6-2CE5-4E84-B90D-87BBE3D01066}.Debug|Any CPU.ActiveCfg = Debug|Any CPU
		{C276B9F6-2CE5-4E84-B90D-87BBE3D01066}.Debug|Any CPU.Build.0 = Debug|Any CPU
		{C276B9F6-2CE5-4E84-B90D-87BBE3D01066}.Debug|x64.ActiveCfg = Debug|Any CPU
		{C276B9F6-2CE5-4E84-B90D-87BBE3D01066}.Debug|x64.Build.0 = Debug|Any CPU
		{C276B9F6-2CE5-4E84-B90D-87BBE3D01066}.Debug|x86.ActiveCfg = Debug|Any CPU
		{C276B9F6-2CE5-4E84-B90D-87BBE3D01066}.Debug|x86.Build.0 = Debug|Any CPU
		{C276B9F6-2CE5-4E84-B90D-87BBE3D01066}.Release|Any CPU.ActiveCfg = Release|Any CPU
		{C276B9F6-2CE5-4E84-B90D-87BBE3D01066}.Release|Any CPU.Build.0 = Release|Any CPU
		{C276B9F6-2CE5-4E84-B90D-87BBE3D01066}.Release|x64.ActiveCfg = Release|Any CPU
		{C276B9F6-2CE5-4E84-B90D-87BBE3D01066}.Release|x64.Build.0 = Release|Any CPU
		{C276B9F6-2CE5-4E84-B90D-87BBE3D01066}.Release|x86.ActiveCfg = Release|Any CPU
		{C276B9F6-2CE5-4E84-B90D-87BBE3D01066}.Release|x86.Build.0 = Release|Any CPU
		{5F795B29-8946-42DA-866D-1E94B7DAF8E3}.Debug|Any CPU.ActiveCfg = Debug|Any CPU
		{5F795B29-8946-42DA-866D-1E94B7DAF8E3}.Debug|Any CPU.Build.0 = Debug|Any CPU
		{5F795B29-8946-42DA-866D-1E94B7DAF8E3}.Debug|x64.ActiveCfg = Debug|Any CPU
		{5F795B29-8946-42DA-866D-1E94B7DAF8E3}.Debug|x64.Build.0 = Debug|Any CPU
		{5F795B29-8946-42DA-866D-1E94B7DAF8E3}.Debug|x86.ActiveCfg = Debug|Any CPU
		{5F795B29-8946-42DA-866D-1E94B7DAF8E3}.Debug|x86.Build.0 = Debug|Any CPU
		{5F795B29-8946-42DA-866D-1E94B7DAF8E3}.Release|Any CPU.ActiveCfg = Release|Any CPU
		{5F795B29-8946-42DA-866D-1E94B7DAF8E3}.Release|Any CPU.Build.0 = Release|Any CPU
		{5F795B29-8946-42DA-866D-1E94B7DAF8E3}.Release|x64.ActiveCfg = Release|Any CPU
		{5F795B29-8946-42DA-866D-1E94B7DAF8E3}.Release|x64.Build.0 = Release|Any CPU
		{5F795B29-8946-42DA-866D-1E94B7DAF8E3}.Release|x86.ActiveCfg = Release|Any CPU
		{5F795B29-8946-42DA-866D-1E94B7DAF8E3}.Release|x86.Build.0 = Release|Any CPU
		{657119E7-47A5-4DC4-B77B-EE63B3C64511}.Debug|Any CPU.ActiveCfg = Debug|Any CPU
		{657119E7-47A5-4DC4-B77B-EE63B3C64511}.Debug|Any CPU.Build.0 = Debug|Any CPU
		{657119E7-47A5-4DC4-B77B-EE63B3C64511}.Debug|x64.ActiveCfg = Debug|Any CPU
		{657119E7-47A5-4DC4-B77B-EE63B3C64511}.Debug|x64.Build.0 = Debug|Any CPU
		{657119E7-47A5-4DC4-B77B-EE63B3C64511}.Debug|x86.ActiveCfg = Debug|Any CPU
		{657119E7-47A5-4DC4-B77B-EE63B3C64511}.Debug|x86.Build.0 = Debug|Any CPU
		{657119E7-47A5-4DC4-B77B-EE63B3C64511}.Release|Any CPU.ActiveCfg = Release|Any CPU
		{657119E7-47A5-4DC4-B77B-EE63B3C64511}.Release|Any CPU.Build.0 = Release|Any CPU
		{657119E7-47A5-4DC4-B77B-EE63B3C64511}.Release|x64.ActiveCfg = Release|Any CPU
		{657119E7-47A5-4DC4-B77B-EE63B3C64511}.Release|x64.Build.0 = Release|Any CPU
		{657119E7-47A5-4DC4-B77B-EE63B3C64511}.Release|x86.ActiveCfg = Release|Any CPU
		{657119E7-47A5-4DC4-B77B-EE63B3C64511}.Release|x86.Build.0 = Release|Any CPU
		{C913E5ED-C108-4D74-A62C-42F7CC9FCD6D}.Debug|Any CPU.ActiveCfg = Debug|Any CPU
		{C913E5ED-C108-4D74-A62C-42F7CC9FCD6D}.Debug|Any CPU.Build.0 = Debug|Any CPU
		{C913E5ED-C108-4D74-A62C-42F7CC9FCD6D}.Debug|x64.ActiveCfg = Debug|Any CPU
		{C913E5ED-C108-4D74-A62C-42F7CC9FCD6D}.Debug|x64.Build.0 = Debug|Any CPU
		{C913E5ED-C108-4D74-A62C-42F7CC9FCD6D}.Debug|x86.ActiveCfg = Debug|Any CPU
		{C913E5ED-C108-4D74-A62C-42F7CC9FCD6D}.Debug|x86.Build.0 = Debug|Any CPU
		{C913E5ED-C108-4D74-A62C-42F7CC9FCD6D}.Release|Any CPU.ActiveCfg = Release|Any CPU
		{C913E5ED-C108-4D74-A62C-42F7CC9FCD6D}.Release|Any CPU.Build.0 = Release|Any CPU
		{C913E5ED-C108-4D74-A62C-42F7CC9FCD6D}.Release|x64.ActiveCfg = Release|Any CPU
		{C913E5ED-C108-4D74-A62C-42F7CC9FCD6D}.Release|x64.Build.0 = Release|Any CPU
		{C913E5ED-C108-4D74-A62C-42F7CC9FCD6D}.Release|x86.ActiveCfg = Release|Any CPU
		{C913E5ED-C108-4D74-A62C-42F7CC9FCD6D}.Release|x86.Build.0 = Release|Any CPU
		{CA964629-F20A-4AD5-95D4-B52DA88244F5}.Debug|Any CPU.ActiveCfg = Debug|Any CPU
		{CA964629-F20A-4AD5-95D4-B52DA88244F5}.Debug|Any CPU.Build.0 = Debug|Any CPU
		{CA964629-F20A-4AD5-95D4-B52DA88244F5}.Debug|x64.ActiveCfg = Debug|Any CPU
		{CA964629-F20A-4AD5-95D4-B52DA88244F5}.Debug|x64.Build.0 = Debug|Any CPU
		{CA964629-F20A-4AD5-95D4-B52DA88244F5}.Debug|x86.ActiveCfg = Debug|Any CPU
		{CA964629-F20A-4AD5-95D4-B52DA88244F5}.Debug|x86.Build.0 = Debug|Any CPU
		{CA964629-F20A-4AD5-95D4-B52DA88244F5}.Release|Any CPU.ActiveCfg = Release|Any CPU
		{CA964629-F20A-4AD5-95D4-B52DA88244F5}.Release|Any CPU.Build.0 = Release|Any CPU
		{CA964629-F20A-4AD5-95D4-B52DA88244F5}.Release|x64.ActiveCfg = Release|Any CPU
		{CA964629-F20A-4AD5-95D4-B52DA88244F5}.Release|x64.Build.0 = Release|Any CPU
		{CA964629-F20A-4AD5-95D4-B52DA88244F5}.Release|x86.ActiveCfg = Release|Any CPU
		{CA964629-F20A-4AD5-95D4-B52DA88244F5}.Release|x86.Build.0 = Release|Any CPU
		{335242D6-986C-480A-803A-BBD7FE76E31E}.Debug|Any CPU.ActiveCfg = Debug|Any CPU
		{335242D6-986C-480A-803A-BBD7FE76E31E}.Debug|Any CPU.Build.0 = Debug|Any CPU
		{335242D6-986C-480A-803A-BBD7FE76E31E}.Debug|x64.ActiveCfg = Debug|Any CPU
		{335242D6-986C-480A-803A-BBD7FE76E31E}.Debug|x64.Build.0 = Debug|Any CPU
		{335242D6-986C-480A-803A-BBD7FE76E31E}.Debug|x86.ActiveCfg = Debug|Any CPU
		{335242D6-986C-480A-803A-BBD7FE76E31E}.Debug|x86.Build.0 = Debug|Any CPU
		{335242D6-986C-480A-803A-BBD7FE76E31E}.Release|Any CPU.ActiveCfg = Release|Any CPU
		{335242D6-986C-480A-803A-BBD7FE76E31E}.Release|Any CPU.Build.0 = Release|Any CPU
		{335242D6-986C-480A-803A-BBD7FE76E31E}.Release|x64.ActiveCfg = Release|Any CPU
		{335242D6-986C-480A-803A-BBD7FE76E31E}.Release|x64.Build.0 = Release|Any CPU
		{335242D6-986C-480A-803A-BBD7FE76E31E}.Release|x86.ActiveCfg = Release|Any CPU
		{335242D6-986C-480A-803A-BBD7FE76E31E}.Release|x86.Build.0 = Release|Any CPU
		{A76309D4-CA81-4963-8B09-1B5B695E2643}.Debug|Any CPU.ActiveCfg = Debug|Any CPU
		{A76309D4-CA81-4963-8B09-1B5B695E2643}.Debug|Any CPU.Build.0 = Debug|Any CPU
		{A76309D4-CA81-4963-8B09-1B5B695E2643}.Debug|x64.ActiveCfg = Debug|Any CPU
		{A76309D4-CA81-4963-8B09-1B5B695E2643}.Debug|x64.Build.0 = Debug|Any CPU
		{A76309D4-CA81-4963-8B09-1B5B695E2643}.Debug|x86.ActiveCfg = Debug|Any CPU
		{A76309D4-CA81-4963-8B09-1B5B695E2643}.Debug|x86.Build.0 = Debug|Any CPU
		{A76309D4-CA81-4963-8B09-1B5B695E2643}.Release|Any CPU.ActiveCfg = Release|Any CPU
		{A76309D4-CA81-4963-8B09-1B5B695E2643}.Release|Any CPU.Build.0 = Release|Any CPU
		{A76309D4-CA81-4963-8B09-1B5B695E2643}.Release|x64.ActiveCfg = Release|Any CPU
		{A76309D4-CA81-4963-8B09-1B5B695E2643}.Release|x64.Build.0 = Release|Any CPU
		{A76309D4-CA81-4963-8B09-1B5B695E2643}.Release|x86.ActiveCfg = Release|Any CPU
		{A76309D4-CA81-4963-8B09-1B5B695E2643}.Release|x86.Build.0 = Release|Any CPU
		{30443C4A-C766-48A4-9C7A-19CA89AB3CC9}.Debug|Any CPU.ActiveCfg = Debug|Any CPU
		{30443C4A-C766-48A4-9C7A-19CA89AB3CC9}.Debug|Any CPU.Build.0 = Debug|Any CPU
		{30443C4A-C766-48A4-9C7A-19CA89AB3CC9}.Debug|x64.ActiveCfg = Debug|Any CPU
		{30443C4A-C766-48A4-9C7A-19CA89AB3CC9}.Debug|x64.Build.0 = Debug|Any CPU
		{30443C4A-C766-48A4-9C7A-19CA89AB3CC9}.Debug|x86.ActiveCfg = Debug|Any CPU
		{30443C4A-C766-48A4-9C7A-19CA89AB3CC9}.Debug|x86.Build.0 = Debug|Any CPU
		{30443C4A-C766-48A4-9C7A-19CA89AB3CC9}.Release|Any CPU.ActiveCfg = Release|Any CPU
		{30443C4A-C766-48A4-9C7A-19CA89AB3CC9}.Release|Any CPU.Build.0 = Release|Any CPU
		{30443C4A-C766-48A4-9C7A-19CA89AB3CC9}.Release|x64.ActiveCfg = Release|Any CPU
		{30443C4A-C766-48A4-9C7A-19CA89AB3CC9}.Release|x64.Build.0 = Release|Any CPU
		{30443C4A-C766-48A4-9C7A-19CA89AB3CC9}.Release|x86.ActiveCfg = Release|Any CPU
		{30443C4A-C766-48A4-9C7A-19CA89AB3CC9}.Release|x86.Build.0 = Release|Any CPU
		{F6244FFF-F4C7-4CDC-BB37-B3E18706189F}.Debug|Any CPU.ActiveCfg = Debug|Any CPU
		{F6244FFF-F4C7-4CDC-BB37-B3E18706189F}.Debug|Any CPU.Build.0 = Debug|Any CPU
		{F6244FFF-F4C7-4CDC-BB37-B3E18706189F}.Debug|x64.ActiveCfg = Debug|Any CPU
		{F6244FFF-F4C7-4CDC-BB37-B3E18706189F}.Debug|x64.Build.0 = Debug|Any CPU
		{F6244FFF-F4C7-4CDC-BB37-B3E18706189F}.Debug|x86.ActiveCfg = Debug|Any CPU
		{F6244FFF-F4C7-4CDC-BB37-B3E18706189F}.Debug|x86.Build.0 = Debug|Any CPU
		{F6244FFF-F4C7-4CDC-BB37-B3E18706189F}.Release|Any CPU.ActiveCfg = Release|Any CPU
		{F6244FFF-F4C7-4CDC-BB37-B3E18706189F}.Release|Any CPU.Build.0 = Release|Any CPU
		{F6244FFF-F4C7-4CDC-BB37-B3E18706189F}.Release|x64.ActiveCfg = Release|Any CPU
		{F6244FFF-F4C7-4CDC-BB37-B3E18706189F}.Release|x64.Build.0 = Release|Any CPU
		{F6244FFF-F4C7-4CDC-BB37-B3E18706189F}.Release|x86.ActiveCfg = Release|Any CPU
		{F6244FFF-F4C7-4CDC-BB37-B3E18706189F}.Release|x86.Build.0 = Release|Any CPU
		{4C6A1979-08CB-49B4-9CCF-11BC1A082672}.Debug|Any CPU.ActiveCfg = Debug|Any CPU
		{4C6A1979-08CB-49B4-9CCF-11BC1A082672}.Debug|Any CPU.Build.0 = Debug|Any CPU
		{4C6A1979-08CB-49B4-9CCF-11BC1A082672}.Debug|x64.ActiveCfg = Debug|Any CPU
		{4C6A1979-08CB-49B4-9CCF-11BC1A082672}.Debug|x64.Build.0 = Debug|Any CPU
		{4C6A1979-08CB-49B4-9CCF-11BC1A082672}.Debug|x86.ActiveCfg = Debug|Any CPU
		{4C6A1979-08CB-49B4-9CCF-11BC1A082672}.Debug|x86.Build.0 = Debug|Any CPU
		{4C6A1979-08CB-49B4-9CCF-11BC1A082672}.Release|Any CPU.ActiveCfg = Release|Any CPU
		{4C6A1979-08CB-49B4-9CCF-11BC1A082672}.Release|Any CPU.Build.0 = Release|Any CPU
		{4C6A1979-08CB-49B4-9CCF-11BC1A082672}.Release|x64.ActiveCfg = Release|Any CPU
		{4C6A1979-08CB-49B4-9CCF-11BC1A082672}.Release|x64.Build.0 = Release|Any CPU
		{4C6A1979-08CB-49B4-9CCF-11BC1A082672}.Release|x86.ActiveCfg = Release|Any CPU
		{4C6A1979-08CB-49B4-9CCF-11BC1A082672}.Release|x86.Build.0 = Release|Any CPU
	EndGlobalSection
	GlobalSection(SolutionProperties) = preSolution
		HideSolutionNode = FALSE
	EndGlobalSection
	GlobalSection(NestedProjects) = preSolution
		{D7E6D74E-7AF8-4783-940B-DD4A69D80601} = {827E0CD3-B72D-47B6-A68D-7590B98EB39B}
		{BEE7B405-2514-4D6C-B6E4-D9D5B543CC55} = {827E0CD3-B72D-47B6-A68D-7590B98EB39B}
		{0EBD3998-5E84-481F-AAC0-597E37908B8E} = {0AB3BF05-4346-4AA6-1389-037BE0695223}
		{E24757F5-B75D-4E42-9960-4888F69FC0E3} = {827E0CD3-B72D-47B6-A68D-7590B98EB39B}
		{C24867AC-28E4-4042-8582-67E9F25BFC20} = {827E0CD3-B72D-47B6-A68D-7590B98EB39B}
		{78515498-B09F-4D83-A23C-4C521C6894C3} = {827E0CD3-B72D-47B6-A68D-7590B98EB39B}
		{B57A990C-C45C-4D90-A933-FB2BF47F1F23} = {827E0CD3-B72D-47B6-A68D-7590B98EB39B}
		{F078568E-3406-469E-A4DA-D25F236254C2} = {827E0CD3-B72D-47B6-A68D-7590B98EB39B}
		{43C928F4-F84D-46C7-8E18-DD3280AD8690} = {827E0CD3-B72D-47B6-A68D-7590B98EB39B}
		{2FE3C3FD-11F5-43BC-95C8-7D8D5A148296} = {827E0CD3-B72D-47B6-A68D-7590B98EB39B}
		{D73B6700-7A85-4A95-BC2B-8638630E2413} = {827E0CD3-B72D-47B6-A68D-7590B98EB39B}
		{CB8243CF-A930-4B58-8793-AEA33B9E817E} = {827E0CD3-B72D-47B6-A68D-7590B98EB39B}
		{C276B9F6-2CE5-4E84-B90D-87BBE3D01066} = {827E0CD3-B72D-47B6-A68D-7590B98EB39B}
		{5F795B29-8946-42DA-866D-1E94B7DAF8E3} = {827E0CD3-B72D-47B6-A68D-7590B98EB39B}
		{657119E7-47A5-4DC4-B77B-EE63B3C64511} = {827E0CD3-B72D-47B6-A68D-7590B98EB39B}
		{C913E5ED-C108-4D74-A62C-42F7CC9FCD6D} = {827E0CD3-B72D-47B6-A68D-7590B98EB39B}
		{CA964629-F20A-4AD5-95D4-B52DA88244F5} = {66320409-64EC-F7C5-3DEF-65E7510DAAD1}
		{335242D6-986C-480A-803A-BBD7FE76E31E} = {827E0CD3-B72D-47B6-A68D-7590B98EB39B}
		{A76309D4-CA81-4963-8B09-1B5B695E2643} = {827E0CD3-B72D-47B6-A68D-7590B98EB39B}
		{30443C4A-C766-48A4-9C7A-19CA89AB3CC9} = {827E0CD3-B72D-47B6-A68D-7590B98EB39B}
		{F6244FFF-F4C7-4CDC-BB37-B3E18706189F} = {827E0CD3-B72D-47B6-A68D-7590B98EB39B}
		{4C6A1979-08CB-49B4-9CCF-11BC1A082672} = {827E0CD3-B72D-47B6-A68D-7590B98EB39B}
	EndGlobalSection
EndGlobal
